
Microsoft Visual Studio Solution File, Format Version 12.00
# Visual Studio Version 17
VisualStudioVersion = 17.0.31912.275
MinimumVisualStudioVersion = 10.0.40219.1
Project("{FAE04EC0-301F-11D3-BF4B-00C04F79EFBC}") = "lab4", "lab4\lab4.csproj", "{49D7E8AF-50D0-4940-ADF5-07D5C267D6AB}"
EndProject
Project("{FAE04EC0-301F-11D3-BF4B-00C04F79EFBC}") = "lab3", "lab3\lab3.csproj", "{B9769F9A-E3C4-4214-A3EF-57A267B3282C}"
EndProject
Project("{FAE04EC0-301F-11D3-BF4B-00C04F79EFBC}") = "lab2", "lab2\lab2.csproj", "{9266434E-51BF-41C1-BA2D-E489A8FC9C42}"
EndProject
Project("{FAE04EC0-301F-11D3-BF4B-00C04F79EFBC}") = "lab1", "lab1\lab1.csproj", "{00557837-71CD-4DF3-A955-A1253F0B000F}"
EndProject
Project("{FAE04EC0-301F-11D3-BF4B-00C04F79EFBC}") = "lab6", "lab6\lab6.csproj", "{A999C6C9-CE06-42F0-A9A4-727910F9DB26}"
EndProject
Project("{FAE04EC0-301F-11D3-BF4B-00C04F79EFBC}") = "lab7", "lab7\lab7.csproj", "{ACFB790F-5AD4-4B62-AC3A-2B523D25BCC6}"
EndProject
Project("{FAE04EC0-301F-11D3-BF4B-00C04F79EFBC}") = "lab8", "lab8\lab8.csproj", "{DD158697-A22F-418B-8BE3-0EBAB590BDD8}"
EndProject
Project("{FAE04EC0-301F-11D3-BF4B-00C04F79EFBC}") = "lab9", "lab9\lab9.csproj", "{0F6DAC97-76FF-4845-94EA-413051177835}"
EndProject
Project("{FAE04EC0-301F-11D3-BF4B-00C04F79EFBC}") = "lab5", "lab5\lab5.csproj", "{A6156E07-C671-4484-B18A-BCE5CCDD48D5}"
EndProject
Global
	GlobalSection(SolutionConfigurationPlatforms) = preSolution
		Debug|Any CPU = Debug|Any CPU
		Release|Any CPU = Release|Any CPU
	EndGlobalSection
	GlobalSection(ProjectConfigurationPlatforms) = postSolution
		{49D7E8AF-50D0-4940-ADF5-07D5C267D6AB}.Debug|Any CPU.ActiveCfg = Debug|Any CPU
		{49D7E8AF-50D0-4940-ADF5-07D5C267D6AB}.Debug|Any CPU.Build.0 = Debug|Any CPU
		{49D7E8AF-50D0-4940-ADF5-07D5C267D6AB}.Release|Any CPU.ActiveCfg = Release|Any CPU
		{49D7E8AF-50D0-4940-ADF5-07D5C267D6AB}.Release|Any CPU.Build.0 = Release|Any CPU
		{B9769F9A-E3C4-4214-A3EF-57A267B3282C}.Debug|Any CPU.ActiveCfg = Debug|Any CPU
		{B9769F9A-E3C4-4214-A3EF-57A267B3282C}.Debug|Any CPU.Build.0 = Debug|Any CPU
		{B9769F9A-E3C4-4214-A3EF-57A267B3282C}.Release|Any CPU.ActiveCfg = Release|Any CPU
		{B9769F9A-E3C4-4214-A3EF-57A267B3282C}.Release|Any CPU.Build.0 = Release|Any CPU
		{9266434E-51BF-41C1-BA2D-E489A8FC9C42}.Debug|Any CPU.ActiveCfg = Debug|Any CPU
		{9266434E-51BF-41C1-BA2D-E489A8FC9C42}.Debug|Any CPU.Build.0 = Debug|Any CPU
		{9266434E-51BF-41C1-BA2D-E489A8FC9C42}.Release|Any CPU.ActiveCfg = Release|Any CPU
		{9266434E-51BF-41C1-BA2D-E489A8FC9C42}.Release|Any CPU.Build.0 = Release|Any CPU
		{00557837-71CD-4DF3-A955-A1253F0B000F}.Debug|Any CPU.ActiveCfg = Debug|Any CPU
		{00557837-71CD-4DF3-A955-A1253F0B000F}.Debug|Any CPU.Build.0 = Debug|Any CPU
		{00557837-71CD-4DF3-A955-A1253F0B000F}.Release|Any CPU.ActiveCfg = Release|Any CPU
		{00557837-71CD-4DF3-A955-A1253F0B000F}.Release|Any CPU.Build.0 = Release|Any CPU
		{A999C6C9-CE06-42F0-A9A4-727910F9DB26}.Debug|Any CPU.ActiveCfg = Debug|Any CPU
		{A999C6C9-CE06-42F0-A9A4-727910F9DB26}.Debug|Any CPU.Build.0 = Debug|Any CPU
		{A999C6C9-CE06-42F0-A9A4-727910F9DB26}.Release|Any CPU.ActiveCfg = Release|Any CPU
		{A999C6C9-CE06-42F0-A9A4-727910F9DB26}.Release|Any CPU.Build.0 = Release|Any CPU
		{ACFB790F-5AD4-4B62-AC3A-2B523D25BCC6}.Debug|Any CPU.ActiveCfg = Debug|Any CPU
		{ACFB790F-5AD4-4B62-AC3A-2B523D25BCC6}.Debug|Any CPU.Build.0 = Debug|Any CPU
		{ACFB790F-5AD4-4B62-AC3A-2B523D25BCC6}.Release|Any CPU.ActiveCfg = Release|Any CPU
		{ACFB790F-5AD4-4B62-AC3A-2B523D25BCC6}.Release|Any CPU.Build.0 = Release|Any CPU
		{DD158697-A22F-418B-8BE3-0EBAB590BDD8}.Debug|Any CPU.ActiveCfg = Debug|Any CPU
		{DD158697-A22F-418B-8BE3-0EBAB590BDD8}.Debug|Any CPU.Build.0 = Debug|Any CPU
		{DD158697-A22F-418B-8BE3-0EBAB590BDD8}.Release|Any CPU.ActiveCfg = Release|Any CPU
		{DD158697-A22F-418B-8BE3-0EBAB590BDD8}.Release|Any CPU.Build.0 = Release|Any CPU
		{0F6DAC97-76FF-4845-94EA-413051177835}.Debug|Any CPU.ActiveCfg = Debug|Any CPU
		{0F6DAC97-76FF-4845-94EA-413051177835}.Debug|Any CPU.Build.0 = Debug|Any CPU
		{0F6DAC97-76FF-4845-94EA-413051177835}.Release|Any CPU.ActiveCfg = Release|Any CPU
		{0F6DAC97-76FF-4845-94EA-413051177835}.Release|Any CPU.Build.0 = Release|Any CPU
		{A6156E07-C671-4484-B18A-BCE5CCDD48D5}.Debug|Any CPU.ActiveCfg = Debug|Any CPU
		{A6156E07-C671-4484-B18A-BCE5CCDD48D5}.Debug|Any CPU.Build.0 = Debug|Any CPU
		{A6156E07-C671-4484-B18A-BCE5CCDD48D5}.Release|Any CPU.ActiveCfg = Release|Any CPU
		{A6156E07-C671-4484-B18A-BCE5CCDD48D5}.Release|Any CPU.Build.0 = Release|Any CPU
	EndGlobalSection
	GlobalSection(SolutionProperties) = preSolution
		HideSolutionNode = FALSE
	EndGlobalSection
	GlobalSection(ExtensibilityGlobals) = postSolution
		SolutionGuid = {216F968C-BA0B-4954-8879-7F268BE4ADF1}
	EndGlobalSection
EndGlobal
