
Microsoft Visual Studio Solution File, Format Version 12.00
# Visual Studio Version 17
VisualStudioVersion = 17.0.31912.275
MinimumVisualStudioVersion = 10.0.40219.1
Project("{FAE04EC0-301F-11D3-BF4B-00C04F79EFBC}") = "lab5", "lab5.csproj", "{A6156E07-C671-4484-B18A-BCE5CCDD48D5}"
EndProject
Global
	GlobalSection(SolutionConfigurationPlatforms) = preSolution
		Debug|Any CPU = Debug|Any CPU
		Release|Any CPU = Release|Any CPU
	EndGlobalSection
	GlobalSection(ProjectConfigurationPlatforms) = postSolution
		{A6156E07-C671-4484-B18A-BCE5CCDD48D5}.Debug|Any CPU.ActiveCfg = Debug|Any CPU
		{A6156E07-C671-4484-B18A-BCE5CCDD48D5}.Debug|Any CPU.Build.0 = Debug|Any CPU
		{A6156E07-C671-4484-B18A-BCE5CCDD48D5}.Release|Any CPU.ActiveCfg = Release|Any CPU
		{A6156E07-C671-4484-B18A-BCE5CCDD48D5}.Release|Any CPU.Build.0 = Release|Any CPU
	EndGlobalSection
	GlobalSection(SolutionProperties) = preSolution
		HideSolutionNode = FALSE
	EndGlobalSection
	GlobalSection(ExtensibilityGlobals) = postSolution
		SolutionGuid = {4ECC108A-1A87-4BF8-A7A4-BAD23B77268F}
	EndGlobalSection
EndGlobal
