
Microsoft Visual Studio Solution File, Format Version 12.00
# Visual Studio Version 17
VisualStudioVersion = 17.0.31912.275
MinimumVisualStudioVersion = 10.0.40219.1
Project("{FAE04EC0-301F-11D3-BF4B-00C04F79EFBC}") = "lab3", "lab3.csproj", "{B9769F9A-E3C4-4214-A3EF-57A267B3282C}"
EndProject
Global
	GlobalSection(SolutionConfigurationPlatforms) = preSolution
		Debug|Any CPU = Debug|Any CPU
		Release|Any CPU = Release|Any CPU
	EndGlobalSection
	GlobalSection(ProjectConfigurationPlatforms) = postSolution
		{B9769F9A-E3C4-4214-A3EF-57A267B3282C}.Debug|Any CPU.ActiveCfg = Debug|Any CPU
		{B9769F9A-E3C4-4214-A3EF-57A267B3282C}.Debug|Any CPU.Build.0 = Debug|Any CPU
		{B9769F9A-E3C4-4214-A3EF-57A267B3282C}.Release|Any CPU.ActiveCfg = Release|Any CPU
		{B9769F9A-E3C4-4214-A3EF-57A267B3282C}.Release|Any CPU.Build.0 = Release|Any CPU
	EndGlobalSection
	GlobalSection(SolutionProperties) = preSolution
		HideSolutionNode = FALSE
	EndGlobalSection
	GlobalSection(ExtensibilityGlobals) = postSolution
		SolutionGuid = {E49C7BAD-1477-4758-9E88-3C9DAAEF4075}
	EndGlobalSection
EndGlobal
