
Microsoft Visual Studio Solution File, Format Version 12.00
# Visual Studio Version 17
VisualStudioVersion = 17.0.31912.275
MinimumVisualStudioVersion = 10.0.40219.1
Project("{FAE04EC0-301F-11D3-BF4B-00C04F79EFBC}") = "lab6", "lab6.csproj", "{A999C6C9-CE06-42F0-A9A4-727910F9DB26}"
EndProject
Global
	GlobalSection(SolutionConfigurationPlatforms) = preSolution
		Debug|Any CPU = Debug|Any CPU
		Release|Any CPU = Release|Any CPU
	EndGlobalSection
	GlobalSection(ProjectConfigurationPlatforms) = postSolution
		{A999C6C9-CE06-42F0-A9A4-727910F9DB26}.Debug|Any CPU.ActiveCfg = Debug|Any CPU
		{A999C6C9-CE06-42F0-A9A4-727910F9DB26}.Debug|Any CPU.Build.0 = Debug|Any CPU
		{A999C6C9-CE06-42F0-A9A4-727910F9DB26}.Release|Any CPU.ActiveCfg = Release|Any CPU
		{A999C6C9-CE06-42F0-A9A4-727910F9DB26}.Release|Any CPU.Build.0 = Release|Any CPU
	EndGlobalSection
	GlobalSection(SolutionProperties) = preSolution
		HideSolutionNode = FALSE
	EndGlobalSection
	GlobalSection(ExtensibilityGlobals) = postSolution
		SolutionGuid = {F78C2CDE-CD0E-4A10-95EB-1E77B87A4EE8}
	EndGlobalSection
EndGlobal
